
Microsoft Visual Studio Solution File, Format Version 12.00
# Visual Studio Version 16
VisualStudioVersion = 16.0.31005.135
MinimumVisualStudioVersion = 10.0.40219.1
Project("{FAE04EC0-301F-11D3-BF4B-00C04F79EFBC}") = "CharlsShoes.Win", "CharlsShoes.Win\CharlsShoes.Win.csproj", "{375BB330-BFAD-4688-A5AD-894807E83CA0}"
EndProject
Project("{FAE04EC0-301F-11D3-BF4B-00C04F79EFBC}") = "CharlsShoes.BLL", "CharlsShoes.BLL\CharlsShoes.BLL.csproj", "{F91212A3-9068-4482-BE09-3EFDF46BAEC3}"
EndProject
Project("{FAE04EC0-301F-11D3-BF4B-00C04F79EFBC}") = "CharlsShoes.DAL", "CharlsShoes.DAL\CharlsShoes.DAL.csproj", "{164FFDE9-A595-4FC9-8C95-82303A6A0154}"
EndProject
Project("{FAE04EC0-301F-11D3-BF4B-00C04F79EFBC}") = "CharlsShoes.Entities", "CharlsShoes.Entities\CharlsShoes.Entities.csproj", "{780149C9-84A5-423E-9136-63F574BF175A}"
EndProject
Global
	GlobalSection(SolutionConfigurationPlatforms) = preSolution
		Debug|Any CPU = Debug|Any CPU
		Release|Any CPU = Release|Any CPU
	EndGlobalSection
	GlobalSection(ProjectConfigurationPlatforms) = postSolution
		{375BB330-BFAD-4688-A5AD-894807E83CA0}.Debug|Any CPU.ActiveCfg = Debug|Any CPU
		{375BB330-BFAD-4688-A5AD-894807E83CA0}.Debug|Any CPU.Build.0 = Debug|Any CPU
		{375BB330-BFAD-4688-A5AD-894807E83CA0}.Release|Any CPU.ActiveCfg = Release|Any CPU
		{375BB330-BFAD-4688-A5AD-894807E83CA0}.Release|Any CPU.Build.0 = Release|Any CPU
		{F91212A3-9068-4482-BE09-3EFDF46BAEC3}.Debug|Any CPU.ActiveCfg = Debug|Any CPU
		{F91212A3-9068-4482-BE09-3EFDF46BAEC3}.Debug|Any CPU.Build.0 = Debug|Any CPU
		{F91212A3-9068-4482-BE09-3EFDF46BAEC3}.Release|Any CPU.ActiveCfg = Release|Any CPU
		{F91212A3-9068-4482-BE09-3EFDF46BAEC3}.Release|Any CPU.Build.0 = Release|Any CPU
		{164FFDE9-A595-4FC9-8C95-82303A6A0154}.Debug|Any CPU.ActiveCfg = Debug|Any CPU
		{164FFDE9-A595-4FC9-8C95-82303A6A0154}.Debug|Any CPU.Build.0 = Debug|Any CPU
		{164FFDE9-A595-4FC9-8C95-82303A6A0154}.Release|Any CPU.ActiveCfg = Release|Any CPU
		{164FFDE9-A595-4FC9-8C95-82303A6A0154}.Release|Any CPU.Build.0 = Release|Any CPU
		{780149C9-84A5-423E-9136-63F574BF175A}.Debug|Any CPU.ActiveCfg = Debug|Any CPU
		{780149C9-84A5-423E-9136-63F574BF175A}.Debug|Any CPU.Build.0 = Debug|Any CPU
		{780149C9-84A5-423E-9136-63F574BF175A}.Release|Any CPU.ActiveCfg = Release|Any CPU
		{780149C9-84A5-423E-9136-63F574BF175A}.Release|Any CPU.Build.0 = Release|Any CPU
	EndGlobalSection
	GlobalSection(SolutionProperties) = preSolution
		HideSolutionNode = FALSE
	EndGlobalSection
	GlobalSection(ExtensibilityGlobals) = postSolution
		SolutionGuid = {BF44176A-DABD-4F9D-9C86-B6E446CC02EE}
	EndGlobalSection
EndGlobal
